
Microsoft Visual Studio Solution File, Format Version 12.00
# Visual Studio Version 17
VisualStudioVersion = 17.14.36401.2
MinimumVisualStudioVersion = 10.0.40219.1
Project("{FAE04EC0-301F-11D3-BF4B-00C04F79EFBC}") = "Entegro.Application", "Entegro.Application\Entegro.Application.csproj", "{5BDF1E05-B2CC-49DC-AC8E-E0DDBE77310A}"
EndProject
Project("{FAE04EC0-301F-11D3-BF4B-00C04F79EFBC}") = "Entegro.Domain", "Entegro.Domain\Entegro.Domain.csproj", "{8E659397-00FD-4E5E-A67C-D83DF77AF87C}"
EndProject
Project("{FAE04EC0-301F-11D3-BF4B-00C04F79EFBC}") = "Entegro.Infrastructure", "Entegro.Infrastructure\Entegro.Infrastructure.csproj", "{25169B36-5C7A-4831-BF37-53FCF653AF06}"
EndProject
Project("{FAE04EC0-301F-11D3-BF4B-00C04F79EFBC}") = "Entegro.Web", "Entegro.Web\Entegro.Web.csproj", "{49ECA3B9-C75D-4E0E-816F-1C7BB32E0618}"
EndProject
Project("{FAE04EC0-301F-11D3-BF4B-00C04F79EFBC}") = "Entegro.Api", "Entegro.Api\Entegro.Api.csproj", "{FA56D700-7ABB-4CC7-8AFF-E658F54E295F}"
EndProject
Project("{FAE04EC0-301F-11D3-BF4B-00C04F79EFBC}") = "Entegro.Service", "Entegro.Service\Entegro.Service.csproj", "{BB302A79-F520-46D4-9B83-FCE0F9EBB89D}"
EndProject
Project("{2150E333-8FDC-42A3-9474-1A3956D46DE8}") = "ERP", "ERP", "{02EA681E-C7D8-13C7-8484-4AC65E1B71E8}"
EndProject
Project("{FAE04EC0-301F-11D3-BF4B-00C04F79EFBC}") = "Entegro.ERP.Api", "ERP\Entegro.ERP.Api\Entegro.ERP.Api.csproj", "{FFA96899-8C76-4A54-9128-A10F703B321C}"
EndProject
Project("{FAE04EC0-301F-11D3-BF4B-00C04F79EFBC}") = "Entegro.ERP.Logo", "ERP\Entegro.ERP.Logo\Entegro.ERP.Logo.csproj", "{CC7862A9-4825-4C64-96CB-CF7E2B71EA25}"
EndProject
Project("{FAE04EC0-301F-11D3-BF4B-00C04F79EFBC}") = "Entegro.ERP.Netsis", "ERP\Entegro.ERP.Netsis\Entegro.ERP.Netsis.csproj", "{070A7B5E-DFEC-4337-90A7-E379795E7658}"
EndProject
Project("{FAE04EC0-301F-11D3-BF4B-00C04F79EFBC}") = "Entegro.ERP.Opak", "ERP\Entegro.ERP.Opak\Entegro.ERP.Opak.csproj", "{6D5B2D23-3965-4A71-83D0-36520ACC6236}"
EndProject
Global
	GlobalSection(SolutionConfigurationPlatforms) = preSolution
		Debug|Any CPU = Debug|Any CPU
		Release|Any CPU = Release|Any CPU
	EndGlobalSection
	GlobalSection(ProjectConfigurationPlatforms) = postSolution
		{5BDF1E05-B2CC-49DC-AC8E-E0DDBE77310A}.Debug|Any CPU.ActiveCfg = Debug|Any CPU
		{5BDF1E05-B2CC-49DC-AC8E-E0DDBE77310A}.Debug|Any CPU.Build.0 = Debug|Any CPU
		{5BDF1E05-B2CC-49DC-AC8E-E0DDBE77310A}.Release|Any CPU.ActiveCfg = Release|Any CPU
		{5BDF1E05-B2CC-49DC-AC8E-E0DDBE77310A}.Release|Any CPU.Build.0 = Release|Any CPU
		{8E659397-00FD-4E5E-A67C-D83DF77AF87C}.Debug|Any CPU.ActiveCfg = Debug|Any CPU
		{8E659397-00FD-4E5E-A67C-D83DF77AF87C}.Debug|Any CPU.Build.0 = Debug|Any CPU
		{8E659397-00FD-4E5E-A67C-D83DF77AF87C}.Release|Any CPU.ActiveCfg = Release|Any CPU
		{8E659397-00FD-4E5E-A67C-D83DF77AF87C}.Release|Any CPU.Build.0 = Release|Any CPU
		{25169B36-5C7A-4831-BF37-53FCF653AF06}.Debug|Any CPU.ActiveCfg = Debug|Any CPU
		{25169B36-5C7A-4831-BF37-53FCF653AF06}.Debug|Any CPU.Build.0 = Debug|Any CPU
		{25169B36-5C7A-4831-BF37-53FCF653AF06}.Release|Any CPU.ActiveCfg = Release|Any CPU
		{25169B36-5C7A-4831-BF37-53FCF653AF06}.Release|Any CPU.Build.0 = Release|Any CPU
		{49ECA3B9-C75D-4E0E-816F-1C7BB32E0618}.Debug|Any CPU.ActiveCfg = Debug|Any CPU
		{49ECA3B9-C75D-4E0E-816F-1C7BB32E0618}.Debug|Any CPU.Build.0 = Debug|Any CPU
		{49ECA3B9-C75D-4E0E-816F-1C7BB32E0618}.Release|Any CPU.ActiveCfg = Release|Any CPU
		{49ECA3B9-C75D-4E0E-816F-1C7BB32E0618}.Release|Any CPU.Build.0 = Release|Any CPU
		{FA56D700-7ABB-4CC7-8AFF-E658F54E295F}.Debug|Any CPU.ActiveCfg = Debug|Any CPU
		{FA56D700-7ABB-4CC7-8AFF-E658F54E295F}.Debug|Any CPU.Build.0 = Debug|Any CPU
		{FA56D700-7ABB-4CC7-8AFF-E658F54E295F}.Release|Any CPU.ActiveCfg = Release|Any CPU
		{FA56D700-7ABB-4CC7-8AFF-E658F54E295F}.Release|Any CPU.Build.0 = Release|Any CPU
		{BB302A79-F520-46D4-9B83-FCE0F9EBB89D}.Debug|Any CPU.ActiveCfg = Debug|Any CPU
		{BB302A79-F520-46D4-9B83-FCE0F9EBB89D}.Debug|Any CPU.Build.0 = Debug|Any CPU
		{BB302A79-F520-46D4-9B83-FCE0F9EBB89D}.Release|Any CPU.ActiveCfg = Release|Any CPU
		{BB302A79-F520-46D4-9B83-FCE0F9EBB89D}.Release|Any CPU.Build.0 = Release|Any CPU
		{FFA96899-8C76-4A54-9128-A10F703B321C}.Debug|Any CPU.ActiveCfg = Debug|Any CPU
		{FFA96899-8C76-4A54-9128-A10F703B321C}.Debug|Any CPU.Build.0 = Debug|Any CPU
		{FFA96899-8C76-4A54-9128-A10F703B321C}.Release|Any CPU.ActiveCfg = Release|Any CPU
		{FFA96899-8C76-4A54-9128-A10F703B321C}.Release|Any CPU.Build.0 = Release|Any CPU
		{CC7862A9-4825-4C64-96CB-CF7E2B71EA25}.Debug|Any CPU.ActiveCfg = Debug|Any CPU
		{CC7862A9-4825-4C64-96CB-CF7E2B71EA25}.Debug|Any CPU.Build.0 = Debug|Any CPU
		{CC7862A9-4825-4C64-96CB-CF7E2B71EA25}.Release|Any CPU.ActiveCfg = Release|Any CPU
		{CC7862A9-4825-4C64-96CB-CF7E2B71EA25}.Release|Any CPU.Build.0 = Release|Any CPU
		{070A7B5E-DFEC-4337-90A7-E379795E7658}.Debug|Any CPU.ActiveCfg = Debug|Any CPU
		{070A7B5E-DFEC-4337-90A7-E379795E7658}.Debug|Any CPU.Build.0 = Debug|Any CPU
		{070A7B5E-DFEC-4337-90A7-E379795E7658}.Release|Any CPU.ActiveCfg = Release|Any CPU
		{070A7B5E-DFEC-4337-90A7-E379795E7658}.Release|Any CPU.Build.0 = Release|Any CPU
		{6D5B2D23-3965-4A71-83D0-36520ACC6236}.Debug|Any CPU.ActiveCfg = Debug|Any CPU
		{6D5B2D23-3965-4A71-83D0-36520ACC6236}.Debug|Any CPU.Build.0 = Debug|Any CPU
		{6D5B2D23-3965-4A71-83D0-36520ACC6236}.Release|Any CPU.ActiveCfg = Release|Any CPU
		{6D5B2D23-3965-4A71-83D0-36520ACC6236}.Release|Any CPU.Build.0 = Release|Any CPU
	EndGlobalSection
	GlobalSection(SolutionProperties) = preSolution
		HideSolutionNode = FALSE
	EndGlobalSection
	GlobalSection(NestedProjects) = preSolution
		{FFA96899-8C76-4A54-9128-A10F703B321C} = {02EA681E-C7D8-13C7-8484-4AC65E1B71E8}
		{CC7862A9-4825-4C64-96CB-CF7E2B71EA25} = {02EA681E-C7D8-13C7-8484-4AC65E1B71E8}
		{070A7B5E-DFEC-4337-90A7-E379795E7658} = {02EA681E-C7D8-13C7-8484-4AC65E1B71E8}
		{6D5B2D23-3965-4A71-83D0-36520ACC6236} = {02EA681E-C7D8-13C7-8484-4AC65E1B71E8}
	EndGlobalSection
	GlobalSection(ExtensibilityGlobals) = postSolution
		SolutionGuid = {5AF43ED9-FBA6-4783-BFC6-7210981D44D2}
	EndGlobalSection
EndGlobal
